
Microsoft Visual Studio Solution File, Format Version 12.00
# Visual Studio Version 16
VisualStudioVersion = 16.0.29403.142
MinimumVisualStudioVersion = 10.0.40219.1
Project("{8BC9CEB8-8B4A-11D0-8D11-00A0C91BC942}") = "sort", "utility.vcxproj", "{4BB2F8AF-6818-41A7-927A-72CF32137B23}"
EndProject
Project("{8BC9CEB8-8B4A-11D0-8D11-00A0C91BC942}") = "crc", "..\crc\crc.vcxproj", "{C4479C68-08A1-4FD9-A075-FD77E4C7EB7C}"
EndProject
Global
	GlobalSection(SolutionConfigurationPlatforms) = preSolution
		Debug|x64 = Debug|x64
		Debug|x86 = Debug|x86
		Release|x64 = Release|x64
		Release|x86 = Release|x86
	EndGlobalSection
	GlobalSection(ProjectConfigurationPlatforms) = postSolution
		{4BB2F8AF-6818-41A7-927A-72CF32137B23}.Debug|x64.ActiveCfg = Debug|x64
		{4BB2F8AF-6818-41A7-927A-72CF32137B23}.Debug|x64.Build.0 = Debug|x64
		{4BB2F8AF-6818-41A7-927A-72CF32137B23}.Debug|x86.ActiveCfg = Debug|Win32
		{4BB2F8AF-6818-41A7-927A-72CF32137B23}.Debug|x86.Build.0 = Debug|Win32
		{4BB2F8AF-6818-41A7-927A-72CF32137B23}.Release|x64.ActiveCfg = Release|x64
		{4BB2F8AF-6818-41A7-927A-72CF32137B23}.Release|x64.Build.0 = Release|x64
		{4BB2F8AF-6818-41A7-927A-72CF32137B23}.Release|x86.ActiveCfg = Release|Win32
		{4BB2F8AF-6818-41A7-927A-72CF32137B23}.Release|x86.Build.0 = Release|Win32
		{C4479C68-08A1-4FD9-A075-FD77E4C7EB7C}.Debug|x64.ActiveCfg = Debug|x64
		{C4479C68-08A1-4FD9-A075-FD77E4C7EB7C}.Debug|x64.Build.0 = Debug|x64
		{C4479C68-08A1-4FD9-A075-FD77E4C7EB7C}.Debug|x86.ActiveCfg = Debug|Win32
		{C4479C68-08A1-4FD9-A075-FD77E4C7EB7C}.Debug|x86.Build.0 = Debug|Win32
		{C4479C68-08A1-4FD9-A075-FD77E4C7EB7C}.Release|x64.ActiveCfg = Release|x64
		{C4479C68-08A1-4FD9-A075-FD77E4C7EB7C}.Release|x64.Build.0 = Release|x64
		{C4479C68-08A1-4FD9-A075-FD77E4C7EB7C}.Release|x86.ActiveCfg = Release|Win32
		{C4479C68-08A1-4FD9-A075-FD77E4C7EB7C}.Release|x86.Build.0 = Release|Win32
	EndGlobalSection
	GlobalSection(SolutionProperties) = preSolution
		HideSolutionNode = FALSE
	EndGlobalSection
	GlobalSection(ExtensibilityGlobals) = postSolution
		SolutionGuid = {BCA565B2-D0F6-4DA5-B623-A0CBE9EBA9C2}
	EndGlobalSection
EndGlobal
